<?xml version="1.0" encoding="utf-8"?>
<Project ToolsVersion="4.0" xmlns="http://schemas.microsoft.com/developer/msbuild/2003">
  <ItemGroup>
    <Filter Include="Source Files">
      <UniqueIdentifier>{4FC737F1-C7A5-4376-A066-2A32D752A2FF}</UniqueIdentifier>
      <Extensions>cpp;c;cc;cxx;def;odl;idl;hpj;bat;asm;asmx</Extensions>
    </Filter>
    <Filter Include="Header Files">
      <UniqueIdentifier>{93995380-89BD-4b04-88EB-625FBE52EBFB}</UniqueIdentifier>
      <Extensions>h;hh;hpp;hxx;hm;inl;inc;ipp;xsd</Extensions>
    </Filter>
    <Filter Include="Resource Files">
      <UniqueIdentifier>{67DA6AB6-F800-4c08-8B7A-83BB121AAD01}</UniqueIdentifier>
      <Extensions>rc;ico;cur;bmp;dlg;rc2;rct;bin;rgs;gif;jpg;jpeg;jpe;resx;tiff;tif;png;wav;mfcribbon-ms</Extensions>
    </Filter>
    <Filter Include="Source Files\root">
      <UniqueIdentifier>{fe19561c-b0b7-4e6b-8e28-4335a69eb5a6}</UniqueIdentifier>
    </Filter>
    <Filter Include="Source Files\assignment move">
      <UniqueIdentifier>{ac10677d-ceca-423c-a02e-fa61c03a9518}</UniqueIdentifier>
    </Filter>
    <Filter Include="Source Files\assignment copy">
      <UniqueIdentifier>{27b75cfe-af33-4925-b523-83a26a995ff0}</UniqueIdentifier>
    </Filter>
    <Filter Include="Source Files\member function">
      <UniqueIdentifier>{90ce8047-6c7b-4799-b5db-f54d0b32bef1}</UniqueIdentifier>
    </Filter>
    <Filter Include="Source Files\global function">
      <UniqueIdentifier>{59f6ec6b-583f-4279-9c4b-b171cbea7126}</UniqueIdentifier>
    </Filter>
    <Filter Include="Source Files\insertion&amp;extraction">
      <UniqueIdentifier>{fdca8f04-9368-44e6-9f40-ee6204bbaeed}</UniqueIdentifier>
    </Filter>
    <Filter Include="Source Files\Sec14_Chal_member">
      <UniqueIdentifier>{c1e3981b-7299-422b-bd67-8729acf75154}</UniqueIdentifier>
    </Filter>
  </ItemGroup>
  <ItemGroup>
    <ClCompile Include="MyString-main.cpp">
      <Filter>Source Files\root</Filter>
    </ClCompile>
    <ClCompile Include="MyString.cpp">
      <Filter>Source Files\root</Filter>
    </ClCompile>
    <ClCompile Include="MyString-main-mv.cpp">
      <Filter>Source Files\assignment move</Filter>
    </ClCompile>
    <ClCompile Include="MyString-mv.cpp">
      <Filter>Source Files\assignment move</Filter>
    </ClCompile>
    <ClCompile Include="MyString-cp.cpp">
      <Filter>Source Files\assignment copy</Filter>
    </ClCompile>
    <ClCompile Include="MyString-main-cp.cpp">
      <Filter>Source Files\assignment copy</Filter>
    </ClCompile>
    <ClCompile Include="MyString-mem.cpp">
      <Filter>Source Files\member function</Filter>
    </ClCompile>
    <ClCompile Include="MyString-main-mem.cpp">
      <Filter>Source Files\member function</Filter>
    </ClCompile>
    <ClCompile Include="MyString-global.cpp">
      <Filter>Source Files\global function</Filter>
    </ClCompile>
    <ClCompile Include="MyString-main-global.cpp">
      <Filter>Source Files\global function</Filter>
    </ClCompile>
    <ClCompile Include="MyString-insert&amp;extract.cpp">
      <Filter>Source Files\insertion&amp;extraction</Filter>
    </ClCompile>
    <ClCompile Include="MyString-main-insert&amp;extract.cpp">
      <Filter>Source Files\insertion&amp;extraction</Filter>
    </ClCompile>
    <ClCompile Include="MyString-Sec14-Chal-mem.cpp">
      <Filter>Source Files\Sec14_Chal_member</Filter>
    </ClCompile>
    <ClCompile Include="MyString-main-Sec14-Chal-mem.cpp">
      <Filter>Source Files\Sec14_Chal_member</Filter>
    </ClCompile>
  </ItemGroup>
  <ItemGroup>
    <ClInclude Include="MyString.h">
      <Filter>Source Files\root</Filter>
    </ClInclude>
    <ClInclude Include="MyString-mv.h">
      <Filter>Source Files\assignment move</Filter>
    </ClInclude>
    <ClInclude Include="MyString-cp.h">
      <Filter>Source Files\assignment copy</Filter>
    </ClInclude>
    <ClInclude Include="MyString-mem.h">
      <Filter>Source Files\member function</Filter>
    </ClInclude>
    <ClInclude Include="MyString-global.h">
      <Filter>Source Files\global function</Filter>
    </ClInclude>
    <ClInclude Include="MyString-insert&amp;extract.h">
      <Filter>Source Files\insertion&amp;extraction</Filter>
    </ClInclude>
    <ClInclude Include="MyString-Sec14-Chal-mem.h">
      <Filter>Source Files\Sec14_Chal_member</Filter>
    </ClInclude>
  </ItemGroup>
</Project>